
Microsoft Visual Studio Solution File, Format Version 12.00
# Visual Studio Version 16
VisualStudioVersion = 16.0.29102.190
MinimumVisualStudioVersion = 10.0.40219.1
Project("{9A19103F-16F7-4668-BE54-9A1E7A4F7556}") = "AukroApp1", "AukroApp1\AukroApp1.csproj", "{67143D6E-BE6E-41D6-ABCA-F359D1408802}"
EndProject
Project("{FAE04EC0-301F-11D3-BF4B-00C04F79EFBC}") = "AukroApp1.Android", "AukroApp1.Android\AukroApp1.Android.csproj", "{7BFC5775-3AAA-4E31-BA24-25E0BA3EA8A8}"
EndProject
Project("{FAE04EC0-301F-11D3-BF4B-00C04F79EFBC}") = "AukroApp1.iOS", "AukroApp1.iOS\AukroApp1.iOS.csproj", "{048FE5A6-4255-460D-AA1A-BA65B8C37F2F}"
EndProject
Project("{FAE04EC0-301F-11D3-BF4B-00C04F79EFBC}") = "AukroApp1.UWP", "AukroApp1.UWP\AukroApp1.UWP.csproj", "{AFE0177A-9DCB-42EA-880E-730CEA0CA9B3}"
EndProject
Project("{2150E333-8FDC-42A3-9474-1A3956D46DE8}") = "SharedApp", "SharedApp", "{11BCA6FB-D1A1-4E86-845C-A5396EC9F074}"
EndProject
Project("{2150E333-8FDC-42A3-9474-1A3956D46DE8}") = "Shared", "Shared", "{81F405C9-23B1-4A80-9634-B0979042102B}"
EndProject
Project("{9A19103F-16F7-4668-BE54-9A1E7A4F7556}") = "BussinessLogic", "BussinessLogic\BussinessLogic.csproj", "{4AD365DC-9E84-4371-A5DC-D45E52E51870}"
EndProject
Project("{9A19103F-16F7-4668-BE54-9A1E7A4F7556}") = "Core", "Core\Core.csproj", "{026D00E7-6C1D-4812-B974-F75957CA28D4}"
EndProject
Project("{9A19103F-16F7-4668-BE54-9A1E7A4F7556}") = "Data", "Data\Data.csproj", "{3829717E-5D4D-4D6C-B76A-568106F90D0D}"
EndProject
Project("{9A19103F-16F7-4668-BE54-9A1E7A4F7556}") = "DataProviders", "DataProviders\DataProviders.csproj", "{15E3ED37-3CCB-4014-B458-563B93EE1276}"
EndProject
Project("{9A19103F-16F7-4668-BE54-9A1E7A4F7556}") = "IOC", "IOC\IOC.csproj", "{262DB7AF-AE8A-4A74-93B3-2B7562D8AB96}"
EndProject
Project("{9A19103F-16F7-4668-BE54-9A1E7A4F7556}") = "UI", "UI\UI.csproj", "{F8FFC139-3513-4490-9FC7-8E40D71E0239}"
EndProject
Project("{2150E333-8FDC-42A3-9474-1A3956D46DE8}") = "DataProviders", "DataProviders", "{581F0153-2A98-4157-96B6-83C9D605E959}"
EndProject
Project("{FAE04EC0-301F-11D3-BF4B-00C04F79EFBC}") = "DataManagement", "DataManagement\DataManagement.csproj", "{7851C07B-14EF-4DE3-B26D-ADAB6EC854DE}"
EndProject
Global
	GlobalSection(SolutionConfigurationPlatforms) = preSolution
		Ad-Hoc|Any CPU = Ad-Hoc|Any CPU
		Ad-Hoc|ARM = Ad-Hoc|ARM
		Ad-Hoc|iPhone = Ad-Hoc|iPhone
		Ad-Hoc|iPhoneSimulator = Ad-Hoc|iPhoneSimulator
		Ad-Hoc|x64 = Ad-Hoc|x64
		Ad-Hoc|x86 = Ad-Hoc|x86
		AppStore|Any CPU = AppStore|Any CPU
		AppStore|ARM = AppStore|ARM
		AppStore|iPhone = AppStore|iPhone
		AppStore|iPhoneSimulator = AppStore|iPhoneSimulator
		AppStore|x64 = AppStore|x64
		AppStore|x86 = AppStore|x86
		Debug|Any CPU = Debug|Any CPU
		Debug|ARM = Debug|ARM
		Debug|iPhone = Debug|iPhone
		Debug|iPhoneSimulator = Debug|iPhoneSimulator
		Debug|x64 = Debug|x64
		Debug|x86 = Debug|x86
		Release|Any CPU = Release|Any CPU
		Release|ARM = Release|ARM
		Release|iPhone = Release|iPhone
		Release|iPhoneSimulator = Release|iPhoneSimulator
		Release|x64 = Release|x64
		Release|x86 = Release|x86
	EndGlobalSection
	GlobalSection(ProjectConfigurationPlatforms) = postSolution
		{67143D6E-BE6E-41D6-ABCA-F359D1408802}.Ad-Hoc|Any CPU.ActiveCfg = Debug|Any CPU
		{67143D6E-BE6E-41D6-ABCA-F359D1408802}.Ad-Hoc|Any CPU.Build.0 = Debug|Any CPU
		{67143D6E-BE6E-41D6-ABCA-F359D1408802}.Ad-Hoc|ARM.ActiveCfg = Debug|Any CPU
		{67143D6E-BE6E-41D6-ABCA-F359D1408802}.Ad-Hoc|ARM.Build.0 = Debug|Any CPU
		{67143D6E-BE6E-41D6-ABCA-F359D1408802}.Ad-Hoc|iPhone.ActiveCfg = Debug|Any CPU
		{67143D6E-BE6E-41D6-ABCA-F359D1408802}.Ad-Hoc|iPhone.Build.0 = Debug|Any CPU
		{67143D6E-BE6E-41D6-ABCA-F359D1408802}.Ad-Hoc|iPhoneSimulator.ActiveCfg = Debug|Any CPU
		{67143D6E-BE6E-41D6-ABCA-F359D1408802}.Ad-Hoc|iPhoneSimulator.Build.0 = Debug|Any CPU
		{67143D6E-BE6E-41D6-ABCA-F359D1408802}.Ad-Hoc|x64.ActiveCfg = Debug|Any CPU
		{67143D6E-BE6E-41D6-ABCA-F359D1408802}.Ad-Hoc|x64.Build.0 = Debug|Any CPU
		{67143D6E-BE6E-41D6-ABCA-F359D1408802}.Ad-Hoc|x86.ActiveCfg = Debug|Any CPU
		{67143D6E-BE6E-41D6-ABCA-F359D1408802}.Ad-Hoc|x86.Build.0 = Debug|Any CPU
		{67143D6E-BE6E-41D6-ABCA-F359D1408802}.AppStore|Any CPU.ActiveCfg = Debug|Any CPU
		{67143D6E-BE6E-41D6-ABCA-F359D1408802}.AppStore|Any CPU.Build.0 = Debug|Any CPU
		{67143D6E-BE6E-41D6-ABCA-F359D1408802}.AppStore|ARM.ActiveCfg = Debug|Any CPU
		{67143D6E-BE6E-41D6-ABCA-F359D1408802}.AppStore|ARM.Build.0 = Debug|Any CPU
		{67143D6E-BE6E-41D6-ABCA-F359D1408802}.AppStore|iPhone.ActiveCfg = Debug|Any CPU
		{67143D6E-BE6E-41D6-ABCA-F359D1408802}.AppStore|iPhone.Build.0 = Debug|Any CPU
		{67143D6E-BE6E-41D6-ABCA-F359D1408802}.AppStore|iPhoneSimulator.ActiveCfg = Debug|Any CPU
		{67143D6E-BE6E-41D6-ABCA-F359D1408802}.AppStore|iPhoneSimulator.Build.0 = Debug|Any CPU
		{67143D6E-BE6E-41D6-ABCA-F359D1408802}.AppStore|x64.ActiveCfg = Debug|Any CPU
		{67143D6E-BE6E-41D6-ABCA-F359D1408802}.AppStore|x64.Build.0 = Debug|Any CPU
		{67143D6E-BE6E-41D6-ABCA-F359D1408802}.AppStore|x86.ActiveCfg = Debug|Any CPU
		{67143D6E-BE6E-41D6-ABCA-F359D1408802}.AppStore|x86.Build.0 = Debug|Any CPU
		{67143D6E-BE6E-41D6-ABCA-F359D1408802}.Debug|Any CPU.ActiveCfg = Debug|Any CPU
		{67143D6E-BE6E-41D6-ABCA-F359D1408802}.Debug|Any CPU.Build.0 = Debug|Any CPU
		{67143D6E-BE6E-41D6-ABCA-F359D1408802}.Debug|ARM.ActiveCfg = Debug|Any CPU
		{67143D6E-BE6E-41D6-ABCA-F359D1408802}.Debug|ARM.Build.0 = Debug|Any CPU
		{67143D6E-BE6E-41D6-ABCA-F359D1408802}.Debug|iPhone.ActiveCfg = Debug|Any CPU
		{67143D6E-BE6E-41D6-ABCA-F359D1408802}.Debug|iPhone.Build.0 = Debug|Any CPU
		{67143D6E-BE6E-41D6-ABCA-F359D1408802}.Debug|iPhoneSimulator.ActiveCfg = Debug|Any CPU
		{67143D6E-BE6E-41D6-ABCA-F359D1408802}.Debug|iPhoneSimulator.Build.0 = Debug|Any CPU
		{67143D6E-BE6E-41D6-ABCA-F359D1408802}.Debug|x64.ActiveCfg = Debug|Any CPU
		{67143D6E-BE6E-41D6-ABCA-F359D1408802}.Debug|x64.Build.0 = Debug|Any CPU
		{67143D6E-BE6E-41D6-ABCA-F359D1408802}.Debug|x86.ActiveCfg = Debug|Any CPU
		{67143D6E-BE6E-41D6-ABCA-F359D1408802}.Debug|x86.Build.0 = Debug|Any CPU
		{67143D6E-BE6E-41D6-ABCA-F359D1408802}.Release|Any CPU.ActiveCfg = Release|Any CPU
		{67143D6E-BE6E-41D6-ABCA-F359D1408802}.Release|Any CPU.Build.0 = Release|Any CPU
		{67143D6E-BE6E-41D6-ABCA-F359D1408802}.Release|ARM.ActiveCfg = Release|Any CPU
		{67143D6E-BE6E-41D6-ABCA-F359D1408802}.Release|ARM.Build.0 = Release|Any CPU
		{67143D6E-BE6E-41D6-ABCA-F359D1408802}.Release|iPhone.ActiveCfg = Release|Any CPU
		{67143D6E-BE6E-41D6-ABCA-F359D1408802}.Release|iPhone.Build.0 = Release|Any CPU
		{67143D6E-BE6E-41D6-ABCA-F359D1408802}.Release|iPhoneSimulator.ActiveCfg = Release|Any CPU
		{67143D6E-BE6E-41D6-ABCA-F359D1408802}.Release|iPhoneSimulator.Build.0 = Release|Any CPU
		{67143D6E-BE6E-41D6-ABCA-F359D1408802}.Release|x64.ActiveCfg = Release|Any CPU
		{67143D6E-BE6E-41D6-ABCA-F359D1408802}.Release|x64.Build.0 = Release|Any CPU
		{67143D6E-BE6E-41D6-ABCA-F359D1408802}.Release|x86.ActiveCfg = Release|Any CPU
		{67143D6E-BE6E-41D6-ABCA-F359D1408802}.Release|x86.Build.0 = Release|Any CPU
		{7BFC5775-3AAA-4E31-BA24-25E0BA3EA8A8}.Ad-Hoc|Any CPU.ActiveCfg = Release|Any CPU
		{7BFC5775-3AAA-4E31-BA24-25E0BA3EA8A8}.Ad-Hoc|Any CPU.Build.0 = Release|Any CPU
		{7BFC5775-3AAA-4E31-BA24-25E0BA3EA8A8}.Ad-Hoc|Any CPU.Deploy.0 = Release|Any CPU
		{7BFC5775-3AAA-4E31-BA24-25E0BA3EA8A8}.Ad-Hoc|ARM.ActiveCfg = Release|Any CPU
		{7BFC5775-3AAA-4E31-BA24-25E0BA3EA8A8}.Ad-Hoc|ARM.Build.0 = Release|Any CPU
		{7BFC5775-3AAA-4E31-BA24-25E0BA3EA8A8}.Ad-Hoc|ARM.Deploy.0 = Release|Any CPU
		{7BFC5775-3AAA-4E31-BA24-25E0BA3EA8A8}.Ad-Hoc|iPhone.ActiveCfg = Release|Any CPU
		{7BFC5775-3AAA-4E31-BA24-25E0BA3EA8A8}.Ad-Hoc|iPhone.Build.0 = Release|Any CPU
		{7BFC5775-3AAA-4E31-BA24-25E0BA3EA8A8}.Ad-Hoc|iPhone.Deploy.0 = Release|Any CPU
		{7BFC5775-3AAA-4E31-BA24-25E0BA3EA8A8}.Ad-Hoc|iPhoneSimulator.ActiveCfg = Release|Any CPU
		{7BFC5775-3AAA-4E31-BA24-25E0BA3EA8A8}.Ad-Hoc|iPhoneSimulator.Build.0 = Release|Any CPU
		{7BFC5775-3AAA-4E31-BA24-25E0BA3EA8A8}.Ad-Hoc|iPhoneSimulator.Deploy.0 = Release|Any CPU
		{7BFC5775-3AAA-4E31-BA24-25E0BA3EA8A8}.Ad-Hoc|x64.ActiveCfg = Release|Any CPU
		{7BFC5775-3AAA-4E31-BA24-25E0BA3EA8A8}.Ad-Hoc|x64.Build.0 = Release|Any CPU
		{7BFC5775-3AAA-4E31-BA24-25E0BA3EA8A8}.Ad-Hoc|x64.Deploy.0 = Release|Any CPU
		{7BFC5775-3AAA-4E31-BA24-25E0BA3EA8A8}.Ad-Hoc|x86.ActiveCfg = Release|Any CPU
		{7BFC5775-3AAA-4E31-BA24-25E0BA3EA8A8}.Ad-Hoc|x86.Build.0 = Release|Any CPU
		{7BFC5775-3AAA-4E31-BA24-25E0BA3EA8A8}.Ad-Hoc|x86.Deploy.0 = Release|Any CPU
		{7BFC5775-3AAA-4E31-BA24-25E0BA3EA8A8}.AppStore|Any CPU.ActiveCfg = Release|Any CPU
		{7BFC5775-3AAA-4E31-BA24-25E0BA3EA8A8}.AppStore|Any CPU.Build.0 = Release|Any CPU
		{7BFC5775-3AAA-4E31-BA24-25E0BA3EA8A8}.AppStore|Any CPU.Deploy.0 = Release|Any CPU
		{7BFC5775-3AAA-4E31-BA24-25E0BA3EA8A8}.AppStore|ARM.ActiveCfg = Release|Any CPU
		{7BFC5775-3AAA-4E31-BA24-25E0BA3EA8A8}.AppStore|ARM.Build.0 = Release|Any CPU
		{7BFC5775-3AAA-4E31-BA24-25E0BA3EA8A8}.AppStore|ARM.Deploy.0 = Release|Any CPU
		{7BFC5775-3AAA-4E31-BA24-25E0BA3EA8A8}.AppStore|iPhone.ActiveCfg = Release|Any CPU
		{7BFC5775-3AAA-4E31-BA24-25E0BA3EA8A8}.AppStore|iPhone.Build.0 = Release|Any CPU
		{7BFC5775-3AAA-4E31-BA24-25E0BA3EA8A8}.AppStore|iPhone.Deploy.0 = Release|Any CPU
		{7BFC5775-3AAA-4E31-BA24-25E0BA3EA8A8}.AppStore|iPhoneSimulator.ActiveCfg = Release|Any CPU
		{7BFC5775-3AAA-4E31-BA24-25E0BA3EA8A8}.AppStore|iPhoneSimulator.Build.0 = Release|Any CPU
		{7BFC5775-3AAA-4E31-BA24-25E0BA3EA8A8}.AppStore|iPhoneSimulator.Deploy.0 = Release|Any CPU
		{7BFC5775-3AAA-4E31-BA24-25E0BA3EA8A8}.AppStore|x64.ActiveCfg = Release|Any CPU
		{7BFC5775-3AAA-4E31-BA24-25E0BA3EA8A8}.AppStore|x64.Build.0 = Release|Any CPU
		{7BFC5775-3AAA-4E31-BA24-25E0BA3EA8A8}.AppStore|x64.Deploy.0 = Release|Any CPU
		{7BFC5775-3AAA-4E31-BA24-25E0BA3EA8A8}.AppStore|x86.ActiveCfg = Release|Any CPU
		{7BFC5775-3AAA-4E31-BA24-25E0BA3EA8A8}.AppStore|x86.Build.0 = Release|Any CPU
		{7BFC5775-3AAA-4E31-BA24-25E0BA3EA8A8}.AppStore|x86.Deploy.0 = Release|Any CPU
		{7BFC5775-3AAA-4E31-BA24-25E0BA3EA8A8}.Debug|Any CPU.ActiveCfg = Debug|Any CPU
		{7BFC5775-3AAA-4E31-BA24-25E0BA3EA8A8}.Debug|Any CPU.Build.0 = Debug|Any CPU
		{7BFC5775-3AAA-4E31-BA24-25E0BA3EA8A8}.Debug|Any CPU.Deploy.0 = Debug|Any CPU
		{7BFC5775-3AAA-4E31-BA24-25E0BA3EA8A8}.Debug|ARM.ActiveCfg = Debug|Any CPU
		{7BFC5775-3AAA-4E31-BA24-25E0BA3EA8A8}.Debug|ARM.Build.0 = Debug|Any CPU
		{7BFC5775-3AAA-4E31-BA24-25E0BA3EA8A8}.Debug|ARM.Deploy.0 = Debug|Any CPU
		{7BFC5775-3AAA-4E31-BA24-25E0BA3EA8A8}.Debug|iPhone.ActiveCfg = Debug|Any CPU
		{7BFC5775-3AAA-4E31-BA24-25E0BA3EA8A8}.Debug|iPhone.Build.0 = Debug|Any CPU
		{7BFC5775-3AAA-4E31-BA24-25E0BA3EA8A8}.Debug|iPhone.Deploy.0 = Debug|Any CPU
		{7BFC5775-3AAA-4E31-BA24-25E0BA3EA8A8}.Debug|iPhoneSimulator.ActiveCfg = Debug|Any CPU
		{7BFC5775-3AAA-4E31-BA24-25E0BA3EA8A8}.Debug|iPhoneSimulator.Build.0 = Debug|Any CPU
		{7BFC5775-3AAA-4E31-BA24-25E0BA3EA8A8}.Debug|iPhoneSimulator.Deploy.0 = Debug|Any CPU
		{7BFC5775-3AAA-4E31-BA24-25E0BA3EA8A8}.Debug|x64.ActiveCfg = Debug|Any CPU
		{7BFC5775-3AAA-4E31-BA24-25E0BA3EA8A8}.Debug|x64.Build.0 = Debug|Any CPU
		{7BFC5775-3AAA-4E31-BA24-25E0BA3EA8A8}.Debug|x64.Deploy.0 = Debug|Any CPU
		{7BFC5775-3AAA-4E31-BA24-25E0BA3EA8A8}.Debug|x86.ActiveCfg = Debug|Any CPU
		{7BFC5775-3AAA-4E31-BA24-25E0BA3EA8A8}.Debug|x86.Build.0 = Debug|Any CPU
		{7BFC5775-3AAA-4E31-BA24-25E0BA3EA8A8}.Debug|x86.Deploy.0 = Debug|Any CPU
		{7BFC5775-3AAA-4E31-BA24-25E0BA3EA8A8}.Release|Any CPU.ActiveCfg = Release|Any CPU
		{7BFC5775-3AAA-4E31-BA24-25E0BA3EA8A8}.Release|Any CPU.Build.0 = Release|Any CPU
		{7BFC5775-3AAA-4E31-BA24-25E0BA3EA8A8}.Release|Any CPU.Deploy.0 = Release|Any CPU
		{7BFC5775-3AAA-4E31-BA24-25E0BA3EA8A8}.Release|ARM.ActiveCfg = Release|Any CPU
		{7BFC5775-3AAA-4E31-BA24-25E0BA3EA8A8}.Release|ARM.Build.0 = Release|Any CPU
		{7BFC5775-3AAA-4E31-BA24-25E0BA3EA8A8}.Release|ARM.Deploy.0 = Release|Any CPU
		{7BFC5775-3AAA-4E31-BA24-25E0BA3EA8A8}.Release|iPhone.ActiveCfg = Release|Any CPU
		{7BFC5775-3AAA-4E31-BA24-25E0BA3EA8A8}.Release|iPhone.Build.0 = Release|Any CPU
		{7BFC5775-3AAA-4E31-BA24-25E0BA3EA8A8}.Release|iPhone.Deploy.0 = Release|Any CPU
		{7BFC5775-3AAA-4E31-BA24-25E0BA3EA8A8}.Release|iPhoneSimulator.ActiveCfg = Release|Any CPU
		{7BFC5775-3AAA-4E31-BA24-25E0BA3EA8A8}.Release|iPhoneSimulator.Build.0 = Release|Any CPU
		{7BFC5775-3AAA-4E31-BA24-25E0BA3EA8A8}.Release|iPhoneSimulator.Deploy.0 = Release|Any CPU
		{7BFC5775-3AAA-4E31-BA24-25E0BA3EA8A8}.Release|x64.ActiveCfg = Release|Any CPU
		{7BFC5775-3AAA-4E31-BA24-25E0BA3EA8A8}.Release|x64.Build.0 = Release|Any CPU
		{7BFC5775-3AAA-4E31-BA24-25E0BA3EA8A8}.Release|x64.Deploy.0 = Release|Any CPU
		{7BFC5775-3AAA-4E31-BA24-25E0BA3EA8A8}.Release|x86.ActiveCfg = Release|Any CPU
		{7BFC5775-3AAA-4E31-BA24-25E0BA3EA8A8}.Release|x86.Build.0 = Release|Any CPU
		{7BFC5775-3AAA-4E31-BA24-25E0BA3EA8A8}.Release|x86.Deploy.0 = Release|Any CPU
		{048FE5A6-4255-460D-AA1A-BA65B8C37F2F}.Ad-Hoc|Any CPU.ActiveCfg = Ad-Hoc|iPhone
		{048FE5A6-4255-460D-AA1A-BA65B8C37F2F}.Ad-Hoc|ARM.ActiveCfg = Ad-Hoc|iPhone
		{048FE5A6-4255-460D-AA1A-BA65B8C37F2F}.Ad-Hoc|iPhone.ActiveCfg = Ad-Hoc|iPhone
		{048FE5A6-4255-460D-AA1A-BA65B8C37F2F}.Ad-Hoc|iPhone.Build.0 = Ad-Hoc|iPhone
		{048FE5A6-4255-460D-AA1A-BA65B8C37F2F}.Ad-Hoc|iPhoneSimulator.ActiveCfg = Ad-Hoc|iPhoneSimulator
		{048FE5A6-4255-460D-AA1A-BA65B8C37F2F}.Ad-Hoc|iPhoneSimulator.Build.0 = Ad-Hoc|iPhoneSimulator
		{048FE5A6-4255-460D-AA1A-BA65B8C37F2F}.Ad-Hoc|x64.ActiveCfg = Ad-Hoc|iPhone
		{048FE5A6-4255-460D-AA1A-BA65B8C37F2F}.Ad-Hoc|x86.ActiveCfg = Ad-Hoc|iPhone
		{048FE5A6-4255-460D-AA1A-BA65B8C37F2F}.AppStore|Any CPU.ActiveCfg = AppStore|iPhone
		{048FE5A6-4255-460D-AA1A-BA65B8C37F2F}.AppStore|ARM.ActiveCfg = AppStore|iPhone
		{048FE5A6-4255-460D-AA1A-BA65B8C37F2F}.AppStore|iPhone.ActiveCfg = AppStore|iPhone
		{048FE5A6-4255-460D-AA1A-BA65B8C37F2F}.AppStore|iPhone.Build.0 = AppStore|iPhone
		{048FE5A6-4255-460D-AA1A-BA65B8C37F2F}.AppStore|iPhoneSimulator.ActiveCfg = AppStore|iPhoneSimulator
		{048FE5A6-4255-460D-AA1A-BA65B8C37F2F}.AppStore|iPhoneSimulator.Build.0 = AppStore|iPhoneSimulator
		{048FE5A6-4255-460D-AA1A-BA65B8C37F2F}.AppStore|x64.ActiveCfg = AppStore|iPhone
		{048FE5A6-4255-460D-AA1A-BA65B8C37F2F}.AppStore|x86.ActiveCfg = AppStore|iPhone
		{048FE5A6-4255-460D-AA1A-BA65B8C37F2F}.Debug|Any CPU.ActiveCfg = Debug|iPhone
		{048FE5A6-4255-460D-AA1A-BA65B8C37F2F}.Debug|ARM.ActiveCfg = Debug|iPhone
		{048FE5A6-4255-460D-AA1A-BA65B8C37F2F}.Debug|iPhone.ActiveCfg = Debug|iPhone
		{048FE5A6-4255-460D-AA1A-BA65B8C37F2F}.Debug|iPhone.Build.0 = Debug|iPhone
		{048FE5A6-4255-460D-AA1A-BA65B8C37F2F}.Debug|iPhoneSimulator.ActiveCfg = Debug|iPhoneSimulator
		{048FE5A6-4255-460D-AA1A-BA65B8C37F2F}.Debug|iPhoneSimulator.Build.0 = Debug|iPhoneSimulator
		{048FE5A6-4255-460D-AA1A-BA65B8C37F2F}.Debug|x64.ActiveCfg = Debug|iPhone
		{048FE5A6-4255-460D-AA1A-BA65B8C37F2F}.Debug|x86.ActiveCfg = Debug|iPhone
		{048FE5A6-4255-460D-AA1A-BA65B8C37F2F}.Release|Any CPU.ActiveCfg = Release|iPhone
		{048FE5A6-4255-460D-AA1A-BA65B8C37F2F}.Release|ARM.ActiveCfg = Release|iPhone
		{048FE5A6-4255-460D-AA1A-BA65B8C37F2F}.Release|iPhone.ActiveCfg = Release|iPhone
		{048FE5A6-4255-460D-AA1A-BA65B8C37F2F}.Release|iPhone.Build.0 = Release|iPhone
		{048FE5A6-4255-460D-AA1A-BA65B8C37F2F}.Release|iPhoneSimulator.ActiveCfg = Release|iPhoneSimulator
		{048FE5A6-4255-460D-AA1A-BA65B8C37F2F}.Release|iPhoneSimulator.Build.0 = Release|iPhoneSimulator
		{048FE5A6-4255-460D-AA1A-BA65B8C37F2F}.Release|x64.ActiveCfg = Release|iPhone
		{048FE5A6-4255-460D-AA1A-BA65B8C37F2F}.Release|x86.ActiveCfg = Release|iPhone
		{AFE0177A-9DCB-42EA-880E-730CEA0CA9B3}.Ad-Hoc|Any CPU.ActiveCfg = Release|x86
		{AFE0177A-9DCB-42EA-880E-730CEA0CA9B3}.Ad-Hoc|Any CPU.Build.0 = Release|x86
		{AFE0177A-9DCB-42EA-880E-730CEA0CA9B3}.Ad-Hoc|Any CPU.Deploy.0 = Release|x86
		{AFE0177A-9DCB-42EA-880E-730CEA0CA9B3}.Ad-Hoc|ARM.ActiveCfg = Release|ARM
		{AFE0177A-9DCB-42EA-880E-730CEA0CA9B3}.Ad-Hoc|ARM.Build.0 = Release|ARM
		{AFE0177A-9DCB-42EA-880E-730CEA0CA9B3}.Ad-Hoc|ARM.Deploy.0 = Release|ARM
		{AFE0177A-9DCB-42EA-880E-730CEA0CA9B3}.Ad-Hoc|iPhone.ActiveCfg = Release|x86
		{AFE0177A-9DCB-42EA-880E-730CEA0CA9B3}.Ad-Hoc|iPhone.Build.0 = Release|x86
		{AFE0177A-9DCB-42EA-880E-730CEA0CA9B3}.Ad-Hoc|iPhone.Deploy.0 = Release|x86
		{AFE0177A-9DCB-42EA-880E-730CEA0CA9B3}.Ad-Hoc|iPhoneSimulator.ActiveCfg = Release|x86
		{AFE0177A-9DCB-42EA-880E-730CEA0CA9B3}.Ad-Hoc|iPhoneSimulator.Build.0 = Release|x86
		{AFE0177A-9DCB-42EA-880E-730CEA0CA9B3}.Ad-Hoc|iPhoneSimulator.Deploy.0 = Release|x86
		{AFE0177A-9DCB-42EA-880E-730CEA0CA9B3}.Ad-Hoc|x64.ActiveCfg = Release|x64
		{AFE0177A-9DCB-42EA-880E-730CEA0CA9B3}.Ad-Hoc|x64.Build.0 = Release|x64
		{AFE0177A-9DCB-42EA-880E-730CEA0CA9B3}.Ad-Hoc|x64.Deploy.0 = Release|x64
		{AFE0177A-9DCB-42EA-880E-730CEA0CA9B3}.Ad-Hoc|x86.ActiveCfg = Release|x86
		{AFE0177A-9DCB-42EA-880E-730CEA0CA9B3}.Ad-Hoc|x86.Build.0 = Release|x86
		{AFE0177A-9DCB-42EA-880E-730CEA0CA9B3}.Ad-Hoc|x86.Deploy.0 = Release|x86
		{AFE0177A-9DCB-42EA-880E-730CEA0CA9B3}.AppStore|Any CPU.ActiveCfg = Release|x86
		{AFE0177A-9DCB-42EA-880E-730CEA0CA9B3}.AppStore|Any CPU.Build.0 = Release|x86
		{AFE0177A-9DCB-42EA-880E-730CEA0CA9B3}.AppStore|Any CPU.Deploy.0 = Release|x86
		{AFE0177A-9DCB-42EA-880E-730CEA0CA9B3}.AppStore|ARM.ActiveCfg = Release|ARM
		{AFE0177A-9DCB-42EA-880E-730CEA0CA9B3}.AppStore|ARM.Build.0 = Release|ARM
		{AFE0177A-9DCB-42EA-880E-730CEA0CA9B3}.AppStore|ARM.Deploy.0 = Release|ARM
		{AFE0177A-9DCB-42EA-880E-730CEA0CA9B3}.AppStore|iPhone.ActiveCfg = Release|x86
		{AFE0177A-9DCB-42EA-880E-730CEA0CA9B3}.AppStore|iPhone.Build.0 = Release|x86
		{AFE0177A-9DCB-42EA-880E-730CEA0CA9B3}.AppStore|iPhone.Deploy.0 = Release|x86
		{AFE0177A-9DCB-42EA-880E-730CEA0CA9B3}.AppStore|iPhoneSimulator.ActiveCfg = Release|x86
		{AFE0177A-9DCB-42EA-880E-730CEA0CA9B3}.AppStore|iPhoneSimulator.Build.0 = Release|x86
		{AFE0177A-9DCB-42EA-880E-730CEA0CA9B3}.AppStore|iPhoneSimulator.Deploy.0 = Release|x86
		{AFE0177A-9DCB-42EA-880E-730CEA0CA9B3}.AppStore|x64.ActiveCfg = Release|x64
		{AFE0177A-9DCB-42EA-880E-730CEA0CA9B3}.AppStore|x64.Build.0 = Release|x64
		{AFE0177A-9DCB-42EA-880E-730CEA0CA9B3}.AppStore|x64.Deploy.0 = Release|x64
		{AFE0177A-9DCB-42EA-880E-730CEA0CA9B3}.AppStore|x86.ActiveCfg = Release|x86
		{AFE0177A-9DCB-42EA-880E-730CEA0CA9B3}.AppStore|x86.Build.0 = Release|x86
		{AFE0177A-9DCB-42EA-880E-730CEA0CA9B3}.AppStore|x86.Deploy.0 = Release|x86
		{AFE0177A-9DCB-42EA-880E-730CEA0CA9B3}.Debug|Any CPU.ActiveCfg = Debug|x86
		{AFE0177A-9DCB-42EA-880E-730CEA0CA9B3}.Debug|ARM.ActiveCfg = Debug|ARM
		{AFE0177A-9DCB-42EA-880E-730CEA0CA9B3}.Debug|ARM.Build.0 = Debug|ARM
		{AFE0177A-9DCB-42EA-880E-730CEA0CA9B3}.Debug|ARM.Deploy.0 = Debug|ARM
		{AFE0177A-9DCB-42EA-880E-730CEA0CA9B3}.Debug|iPhone.ActiveCfg = Debug|x86
		{AFE0177A-9DCB-42EA-880E-730CEA0CA9B3}.Debug|iPhoneSimulator.ActiveCfg = Debug|x86
		{AFE0177A-9DCB-42EA-880E-730CEA0CA9B3}.Debug|x64.ActiveCfg = Debug|x64
		{AFE0177A-9DCB-42EA-880E-730CEA0CA9B3}.Debug|x64.Build.0 = Debug|x64
		{AFE0177A-9DCB-42EA-880E-730CEA0CA9B3}.Debug|x64.Deploy.0 = Debug|x64
		{AFE0177A-9DCB-42EA-880E-730CEA0CA9B3}.Debug|x86.ActiveCfg = Debug|x86
		{AFE0177A-9DCB-42EA-880E-730CEA0CA9B3}.Debug|x86.Build.0 = Debug|x86
		{AFE0177A-9DCB-42EA-880E-730CEA0CA9B3}.Debug|x86.Deploy.0 = Debug|x86
		{AFE0177A-9DCB-42EA-880E-730CEA0CA9B3}.Release|Any CPU.ActiveCfg = Release|x86
		{AFE0177A-9DCB-42EA-880E-730CEA0CA9B3}.Release|ARM.ActiveCfg = Release|ARM
		{AFE0177A-9DCB-42EA-880E-730CEA0CA9B3}.Release|ARM.Build.0 = Release|ARM
		{AFE0177A-9DCB-42EA-880E-730CEA0CA9B3}.Release|ARM.Deploy.0 = Release|ARM
		{AFE0177A-9DCB-42EA-880E-730CEA0CA9B3}.Release|iPhone.ActiveCfg = Release|x86
		{AFE0177A-9DCB-42EA-880E-730CEA0CA9B3}.Release|iPhoneSimulator.ActiveCfg = Release|x86
		{AFE0177A-9DCB-42EA-880E-730CEA0CA9B3}.Release|x64.ActiveCfg = Release|x64
		{AFE0177A-9DCB-42EA-880E-730CEA0CA9B3}.Release|x64.Build.0 = Release|x64
		{AFE0177A-9DCB-42EA-880E-730CEA0CA9B3}.Release|x64.Deploy.0 = Release|x64
		{AFE0177A-9DCB-42EA-880E-730CEA0CA9B3}.Release|x86.ActiveCfg = Release|x86
		{AFE0177A-9DCB-42EA-880E-730CEA0CA9B3}.Release|x86.Build.0 = Release|x86
		{AFE0177A-9DCB-42EA-880E-730CEA0CA9B3}.Release|x86.Deploy.0 = Release|x86
		{4AD365DC-9E84-4371-A5DC-D45E52E51870}.Ad-Hoc|Any CPU.ActiveCfg = Debug|Any CPU
		{4AD365DC-9E84-4371-A5DC-D45E52E51870}.Ad-Hoc|Any CPU.Build.0 = Debug|Any CPU
		{4AD365DC-9E84-4371-A5DC-D45E52E51870}.Ad-Hoc|ARM.ActiveCfg = Debug|Any CPU
		{4AD365DC-9E84-4371-A5DC-D45E52E51870}.Ad-Hoc|ARM.Build.0 = Debug|Any CPU
		{4AD365DC-9E84-4371-A5DC-D45E52E51870}.Ad-Hoc|iPhone.ActiveCfg = Debug|Any CPU
		{4AD365DC-9E84-4371-A5DC-D45E52E51870}.Ad-Hoc|iPhone.Build.0 = Debug|Any CPU
		{4AD365DC-9E84-4371-A5DC-D45E52E51870}.Ad-Hoc|iPhoneSimulator.ActiveCfg = Debug|Any CPU
		{4AD365DC-9E84-4371-A5DC-D45E52E51870}.Ad-Hoc|iPhoneSimulator.Build.0 = Debug|Any CPU
		{4AD365DC-9E84-4371-A5DC-D45E52E51870}.Ad-Hoc|x64.ActiveCfg = Debug|Any CPU
		{4AD365DC-9E84-4371-A5DC-D45E52E51870}.Ad-Hoc|x64.Build.0 = Debug|Any CPU
		{4AD365DC-9E84-4371-A5DC-D45E52E51870}.Ad-Hoc|x86.ActiveCfg = Debug|Any CPU
		{4AD365DC-9E84-4371-A5DC-D45E52E51870}.Ad-Hoc|x86.Build.0 = Debug|Any CPU
		{4AD365DC-9E84-4371-A5DC-D45E52E51870}.AppStore|Any CPU.ActiveCfg = Debug|Any CPU
		{4AD365DC-9E84-4371-A5DC-D45E52E51870}.AppStore|Any CPU.Build.0 = Debug|Any CPU
		{4AD365DC-9E84-4371-A5DC-D45E52E51870}.AppStore|ARM.ActiveCfg = Debug|Any CPU
		{4AD365DC-9E84-4371-A5DC-D45E52E51870}.AppStore|ARM.Build.0 = Debug|Any CPU
		{4AD365DC-9E84-4371-A5DC-D45E52E51870}.AppStore|iPhone.ActiveCfg = Debug|Any CPU
		{4AD365DC-9E84-4371-A5DC-D45E52E51870}.AppStore|iPhone.Build.0 = Debug|Any CPU
		{4AD365DC-9E84-4371-A5DC-D45E52E51870}.AppStore|iPhoneSimulator.ActiveCfg = Debug|Any CPU
		{4AD365DC-9E84-4371-A5DC-D45E52E51870}.AppStore|iPhoneSimulator.Build.0 = Debug|Any CPU
		{4AD365DC-9E84-4371-A5DC-D45E52E51870}.AppStore|x64.ActiveCfg = Debug|Any CPU
		{4AD365DC-9E84-4371-A5DC-D45E52E51870}.AppStore|x64.Build.0 = Debug|Any CPU
		{4AD365DC-9E84-4371-A5DC-D45E52E51870}.AppStore|x86.ActiveCfg = Debug|Any CPU
		{4AD365DC-9E84-4371-A5DC-D45E52E51870}.AppStore|x86.Build.0 = Debug|Any CPU
		{4AD365DC-9E84-4371-A5DC-D45E52E51870}.Debug|Any CPU.ActiveCfg = Debug|Any CPU
		{4AD365DC-9E84-4371-A5DC-D45E52E51870}.Debug|Any CPU.Build.0 = Debug|Any CPU
		{4AD365DC-9E84-4371-A5DC-D45E52E51870}.Debug|ARM.ActiveCfg = Debug|Any CPU
		{4AD365DC-9E84-4371-A5DC-D45E52E51870}.Debug|ARM.Build.0 = Debug|Any CPU
		{4AD365DC-9E84-4371-A5DC-D45E52E51870}.Debug|iPhone.ActiveCfg = Debug|Any CPU
		{4AD365DC-9E84-4371-A5DC-D45E52E51870}.Debug|iPhone.Build.0 = Debug|Any CPU
		{4AD365DC-9E84-4371-A5DC-D45E52E51870}.Debug|iPhoneSimulator.ActiveCfg = Debug|Any CPU
		{4AD365DC-9E84-4371-A5DC-D45E52E51870}.Debug|iPhoneSimulator.Build.0 = Debug|Any CPU
		{4AD365DC-9E84-4371-A5DC-D45E52E51870}.Debug|x64.ActiveCfg = Debug|Any CPU
		{4AD365DC-9E84-4371-A5DC-D45E52E51870}.Debug|x64.Build.0 = Debug|Any CPU
		{4AD365DC-9E84-4371-A5DC-D45E52E51870}.Debug|x86.ActiveCfg = Debug|Any CPU
		{4AD365DC-9E84-4371-A5DC-D45E52E51870}.Debug|x86.Build.0 = Debug|Any CPU
		{4AD365DC-9E84-4371-A5DC-D45E52E51870}.Release|Any CPU.ActiveCfg = Release|Any CPU
		{4AD365DC-9E84-4371-A5DC-D45E52E51870}.Release|Any CPU.Build.0 = Release|Any CPU
		{4AD365DC-9E84-4371-A5DC-D45E52E51870}.Release|ARM.ActiveCfg = Release|Any CPU
		{4AD365DC-9E84-4371-A5DC-D45E52E51870}.Release|ARM.Build.0 = Release|Any CPU
		{4AD365DC-9E84-4371-A5DC-D45E52E51870}.Release|iPhone.ActiveCfg = Release|Any CPU
		{4AD365DC-9E84-4371-A5DC-D45E52E51870}.Release|iPhone.Build.0 = Release|Any CPU
		{4AD365DC-9E84-4371-A5DC-D45E52E51870}.Release|iPhoneSimulator.ActiveCfg = Release|Any CPU
		{4AD365DC-9E84-4371-A5DC-D45E52E51870}.Release|iPhoneSimulator.Build.0 = Release|Any CPU
		{4AD365DC-9E84-4371-A5DC-D45E52E51870}.Release|x64.ActiveCfg = Release|Any CPU
		{4AD365DC-9E84-4371-A5DC-D45E52E51870}.Release|x64.Build.0 = Release|Any CPU
		{4AD365DC-9E84-4371-A5DC-D45E52E51870}.Release|x86.ActiveCfg = Release|Any CPU
		{4AD365DC-9E84-4371-A5DC-D45E52E51870}.Release|x86.Build.0 = Release|Any CPU
		{026D00E7-6C1D-4812-B974-F75957CA28D4}.Ad-Hoc|Any CPU.ActiveCfg = Debug|Any CPU
		{026D00E7-6C1D-4812-B974-F75957CA28D4}.Ad-Hoc|Any CPU.Build.0 = Debug|Any CPU
		{026D00E7-6C1D-4812-B974-F75957CA28D4}.Ad-Hoc|ARM.ActiveCfg = Debug|Any CPU
		{026D00E7-6C1D-4812-B974-F75957CA28D4}.Ad-Hoc|ARM.Build.0 = Debug|Any CPU
		{026D00E7-6C1D-4812-B974-F75957CA28D4}.Ad-Hoc|iPhone.ActiveCfg = Debug|Any CPU
		{026D00E7-6C1D-4812-B974-F75957CA28D4}.Ad-Hoc|iPhone.Build.0 = Debug|Any CPU
		{026D00E7-6C1D-4812-B974-F75957CA28D4}.Ad-Hoc|iPhoneSimulator.ActiveCfg = Debug|Any CPU
		{026D00E7-6C1D-4812-B974-F75957CA28D4}.Ad-Hoc|iPhoneSimulator.Build.0 = Debug|Any CPU
		{026D00E7-6C1D-4812-B974-F75957CA28D4}.Ad-Hoc|x64.ActiveCfg = Debug|Any CPU
		{026D00E7-6C1D-4812-B974-F75957CA28D4}.Ad-Hoc|x64.Build.0 = Debug|Any CPU
		{026D00E7-6C1D-4812-B974-F75957CA28D4}.Ad-Hoc|x86.ActiveCfg = Debug|Any CPU
		{026D00E7-6C1D-4812-B974-F75957CA28D4}.Ad-Hoc|x86.Build.0 = Debug|Any CPU
		{026D00E7-6C1D-4812-B974-F75957CA28D4}.AppStore|Any CPU.ActiveCfg = Debug|Any CPU
		{026D00E7-6C1D-4812-B974-F75957CA28D4}.AppStore|Any CPU.Build.0 = Debug|Any CPU
		{026D00E7-6C1D-4812-B974-F75957CA28D4}.AppStore|ARM.ActiveCfg = Debug|Any CPU
		{026D00E7-6C1D-4812-B974-F75957CA28D4}.AppStore|ARM.Build.0 = Debug|Any CPU
		{026D00E7-6C1D-4812-B974-F75957CA28D4}.AppStore|iPhone.ActiveCfg = Debug|Any CPU
		{026D00E7-6C1D-4812-B974-F75957CA28D4}.AppStore|iPhone.Build.0 = Debug|Any CPU
		{026D00E7-6C1D-4812-B974-F75957CA28D4}.AppStore|iPhoneSimulator.ActiveCfg = Debug|Any CPU
		{026D00E7-6C1D-4812-B974-F75957CA28D4}.AppStore|iPhoneSimulator.Build.0 = Debug|Any CPU
		{026D00E7-6C1D-4812-B974-F75957CA28D4}.AppStore|x64.ActiveCfg = Debug|Any CPU
		{026D00E7-6C1D-4812-B974-F75957CA28D4}.AppStore|x64.Build.0 = Debug|Any CPU
		{026D00E7-6C1D-4812-B974-F75957CA28D4}.AppStore|x86.ActiveCfg = Debug|Any CPU
		{026D00E7-6C1D-4812-B974-F75957CA28D4}.AppStore|x86.Build.0 = Debug|Any CPU
		{026D00E7-6C1D-4812-B974-F75957CA28D4}.Debug|Any CPU.ActiveCfg = Debug|Any CPU
		{026D00E7-6C1D-4812-B974-F75957CA28D4}.Debug|Any CPU.Build.0 = Debug|Any CPU
		{026D00E7-6C1D-4812-B974-F75957CA28D4}.Debug|ARM.ActiveCfg = Debug|Any CPU
		{026D00E7-6C1D-4812-B974-F75957CA28D4}.Debug|ARM.Build.0 = Debug|Any CPU
		{026D00E7-6C1D-4812-B974-F75957CA28D4}.Debug|iPhone.ActiveCfg = Debug|Any CPU
		{026D00E7-6C1D-4812-B974-F75957CA28D4}.Debug|iPhone.Build.0 = Debug|Any CPU
		{026D00E7-6C1D-4812-B974-F75957CA28D4}.Debug|iPhoneSimulator.ActiveCfg = Debug|Any CPU
		{026D00E7-6C1D-4812-B974-F75957CA28D4}.Debug|iPhoneSimulator.Build.0 = Debug|Any CPU
		{026D00E7-6C1D-4812-B974-F75957CA28D4}.Debug|x64.ActiveCfg = Debug|Any CPU
		{026D00E7-6C1D-4812-B974-F75957CA28D4}.Debug|x64.Build.0 = Debug|Any CPU
		{026D00E7-6C1D-4812-B974-F75957CA28D4}.Debug|x86.ActiveCfg = Debug|Any CPU
		{026D00E7-6C1D-4812-B974-F75957CA28D4}.Debug|x86.Build.0 = Debug|Any CPU
		{026D00E7-6C1D-4812-B974-F75957CA28D4}.Release|Any CPU.ActiveCfg = Release|Any CPU
		{026D00E7-6C1D-4812-B974-F75957CA28D4}.Release|Any CPU.Build.0 = Release|Any CPU
		{026D00E7-6C1D-4812-B974-F75957CA28D4}.Release|ARM.ActiveCfg = Release|Any CPU
		{026D00E7-6C1D-4812-B974-F75957CA28D4}.Release|ARM.Build.0 = Release|Any CPU
		{026D00E7-6C1D-4812-B974-F75957CA28D4}.Release|iPhone.ActiveCfg = Release|Any CPU
		{026D00E7-6C1D-4812-B974-F75957CA28D4}.Release|iPhone.Build.0 = Release|Any CPU
		{026D00E7-6C1D-4812-B974-F75957CA28D4}.Release|iPhoneSimulator.ActiveCfg = Release|Any CPU
		{026D00E7-6C1D-4812-B974-F75957CA28D4}.Release|iPhoneSimulator.Build.0 = Release|Any CPU
		{026D00E7-6C1D-4812-B974-F75957CA28D4}.Release|x64.ActiveCfg = Release|Any CPU
		{026D00E7-6C1D-4812-B974-F75957CA28D4}.Release|x64.Build.0 = Release|Any CPU
		{026D00E7-6C1D-4812-B974-F75957CA28D4}.Release|x86.ActiveCfg = Release|Any CPU
		{026D00E7-6C1D-4812-B974-F75957CA28D4}.Release|x86.Build.0 = Release|Any CPU
		{3829717E-5D4D-4D6C-B76A-568106F90D0D}.Ad-Hoc|Any CPU.ActiveCfg = Debug|Any CPU
		{3829717E-5D4D-4D6C-B76A-568106F90D0D}.Ad-Hoc|Any CPU.Build.0 = Debug|Any CPU
		{3829717E-5D4D-4D6C-B76A-568106F90D0D}.Ad-Hoc|ARM.ActiveCfg = Debug|Any CPU
		{3829717E-5D4D-4D6C-B76A-568106F90D0D}.Ad-Hoc|ARM.Build.0 = Debug|Any CPU
		{3829717E-5D4D-4D6C-B76A-568106F90D0D}.Ad-Hoc|iPhone.ActiveCfg = Debug|Any CPU
		{3829717E-5D4D-4D6C-B76A-568106F90D0D}.Ad-Hoc|iPhone.Build.0 = Debug|Any CPU
		{3829717E-5D4D-4D6C-B76A-568106F90D0D}.Ad-Hoc|iPhoneSimulator.ActiveCfg = Debug|Any CPU
		{3829717E-5D4D-4D6C-B76A-568106F90D0D}.Ad-Hoc|iPhoneSimulator.Build.0 = Debug|Any CPU
		{3829717E-5D4D-4D6C-B76A-568106F90D0D}.Ad-Hoc|x64.ActiveCfg = Debug|Any CPU
		{3829717E-5D4D-4D6C-B76A-568106F90D0D}.Ad-Hoc|x64.Build.0 = Debug|Any CPU
		{3829717E-5D4D-4D6C-B76A-568106F90D0D}.Ad-Hoc|x86.ActiveCfg = Debug|Any CPU
		{3829717E-5D4D-4D6C-B76A-568106F90D0D}.Ad-Hoc|x86.Build.0 = Debug|Any CPU
		{3829717E-5D4D-4D6C-B76A-568106F90D0D}.AppStore|Any CPU.ActiveCfg = Debug|Any CPU
		{3829717E-5D4D-4D6C-B76A-568106F90D0D}.AppStore|Any CPU.Build.0 = Debug|Any CPU
		{3829717E-5D4D-4D6C-B76A-568106F90D0D}.AppStore|ARM.ActiveCfg = Debug|Any CPU
		{3829717E-5D4D-4D6C-B76A-568106F90D0D}.AppStore|ARM.Build.0 = Debug|Any CPU
		{3829717E-5D4D-4D6C-B76A-568106F90D0D}.AppStore|iPhone.ActiveCfg = Debug|Any CPU
		{3829717E-5D4D-4D6C-B76A-568106F90D0D}.AppStore|iPhone.Build.0 = Debug|Any CPU
		{3829717E-5D4D-4D6C-B76A-568106F90D0D}.AppStore|iPhoneSimulator.ActiveCfg = Debug|Any CPU
		{3829717E-5D4D-4D6C-B76A-568106F90D0D}.AppStore|iPhoneSimulator.Build.0 = Debug|Any CPU
		{3829717E-5D4D-4D6C-B76A-568106F90D0D}.AppStore|x64.ActiveCfg = Debug|Any CPU
		{3829717E-5D4D-4D6C-B76A-568106F90D0D}.AppStore|x64.Build.0 = Debug|Any CPU
		{3829717E-5D4D-4D6C-B76A-568106F90D0D}.AppStore|x86.ActiveCfg = Debug|Any CPU
		{3829717E-5D4D-4D6C-B76A-568106F90D0D}.AppStore|x86.Build.0 = Debug|Any CPU
		{3829717E-5D4D-4D6C-B76A-568106F90D0D}.Debug|Any CPU.ActiveCfg = Debug|Any CPU
		{3829717E-5D4D-4D6C-B76A-568106F90D0D}.Debug|Any CPU.Build.0 = Debug|Any CPU
		{3829717E-5D4D-4D6C-B76A-568106F90D0D}.Debug|ARM.ActiveCfg = Debug|Any CPU
		{3829717E-5D4D-4D6C-B76A-568106F90D0D}.Debug|ARM.Build.0 = Debug|Any CPU
		{3829717E-5D4D-4D6C-B76A-568106F90D0D}.Debug|iPhone.ActiveCfg = Debug|Any CPU
		{3829717E-5D4D-4D6C-B76A-568106F90D0D}.Debug|iPhone.Build.0 = Debug|Any CPU
		{3829717E-5D4D-4D6C-B76A-568106F90D0D}.Debug|iPhoneSimulator.ActiveCfg = Debug|Any CPU
		{3829717E-5D4D-4D6C-B76A-568106F90D0D}.Debug|iPhoneSimulator.Build.0 = Debug|Any CPU
		{3829717E-5D4D-4D6C-B76A-568106F90D0D}.Debug|x64.ActiveCfg = Debug|Any CPU
		{3829717E-5D4D-4D6C-B76A-568106F90D0D}.Debug|x64.Build.0 = Debug|Any CPU
		{3829717E-5D4D-4D6C-B76A-568106F90D0D}.Debug|x86.ActiveCfg = Debug|Any CPU
		{3829717E-5D4D-4D6C-B76A-568106F90D0D}.Debug|x86.Build.0 = Debug|Any CPU
		{3829717E-5D4D-4D6C-B76A-568106F90D0D}.Release|Any CPU.ActiveCfg = Release|Any CPU
		{3829717E-5D4D-4D6C-B76A-568106F90D0D}.Release|Any CPU.Build.0 = Release|Any CPU
		{3829717E-5D4D-4D6C-B76A-568106F90D0D}.Release|ARM.ActiveCfg = Release|Any CPU
		{3829717E-5D4D-4D6C-B76A-568106F90D0D}.Release|ARM.Build.0 = Release|Any CPU
		{3829717E-5D4D-4D6C-B76A-568106F90D0D}.Release|iPhone.ActiveCfg = Release|Any CPU
		{3829717E-5D4D-4D6C-B76A-568106F90D0D}.Release|iPhone.Build.0 = Release|Any CPU
		{3829717E-5D4D-4D6C-B76A-568106F90D0D}.Release|iPhoneSimulator.ActiveCfg = Release|Any CPU
		{3829717E-5D4D-4D6C-B76A-568106F90D0D}.Release|iPhoneSimulator.Build.0 = Release|Any CPU
		{3829717E-5D4D-4D6C-B76A-568106F90D0D}.Release|x64.ActiveCfg = Release|Any CPU
		{3829717E-5D4D-4D6C-B76A-568106F90D0D}.Release|x64.Build.0 = Release|Any CPU
		{3829717E-5D4D-4D6C-B76A-568106F90D0D}.Release|x86.ActiveCfg = Release|Any CPU
		{3829717E-5D4D-4D6C-B76A-568106F90D0D}.Release|x86.Build.0 = Release|Any CPU
		{15E3ED37-3CCB-4014-B458-563B93EE1276}.Ad-Hoc|Any CPU.ActiveCfg = Debug|Any CPU
		{15E3ED37-3CCB-4014-B458-563B93EE1276}.Ad-Hoc|Any CPU.Build.0 = Debug|Any CPU
		{15E3ED37-3CCB-4014-B458-563B93EE1276}.Ad-Hoc|ARM.ActiveCfg = Debug|Any CPU
		{15E3ED37-3CCB-4014-B458-563B93EE1276}.Ad-Hoc|ARM.Build.0 = Debug|Any CPU
		{15E3ED37-3CCB-4014-B458-563B93EE1276}.Ad-Hoc|iPhone.ActiveCfg = Debug|Any CPU
		{15E3ED37-3CCB-4014-B458-563B93EE1276}.Ad-Hoc|iPhone.Build.0 = Debug|Any CPU
		{15E3ED37-3CCB-4014-B458-563B93EE1276}.Ad-Hoc|iPhoneSimulator.ActiveCfg = Debug|Any CPU
		{15E3ED37-3CCB-4014-B458-563B93EE1276}.Ad-Hoc|iPhoneSimulator.Build.0 = Debug|Any CPU
		{15E3ED37-3CCB-4014-B458-563B93EE1276}.Ad-Hoc|x64.ActiveCfg = Debug|Any CPU
		{15E3ED37-3CCB-4014-B458-563B93EE1276}.Ad-Hoc|x64.Build.0 = Debug|Any CPU
		{15E3ED37-3CCB-4014-B458-563B93EE1276}.Ad-Hoc|x86.ActiveCfg = Debug|Any CPU
		{15E3ED37-3CCB-4014-B458-563B93EE1276}.Ad-Hoc|x86.Build.0 = Debug|Any CPU
		{15E3ED37-3CCB-4014-B458-563B93EE1276}.AppStore|Any CPU.ActiveCfg = Debug|Any CPU
		{15E3ED37-3CCB-4014-B458-563B93EE1276}.AppStore|Any CPU.Build.0 = Debug|Any CPU
		{15E3ED37-3CCB-4014-B458-563B93EE1276}.AppStore|ARM.ActiveCfg = Debug|Any CPU
		{15E3ED37-3CCB-4014-B458-563B93EE1276}.AppStore|ARM.Build.0 = Debug|Any CPU
		{15E3ED37-3CCB-4014-B458-563B93EE1276}.AppStore|iPhone.ActiveCfg = Debug|Any CPU
		{15E3ED37-3CCB-4014-B458-563B93EE1276}.AppStore|iPhone.Build.0 = Debug|Any CPU
		{15E3ED37-3CCB-4014-B458-563B93EE1276}.AppStore|iPhoneSimulator.ActiveCfg = Debug|Any CPU
		{15E3ED37-3CCB-4014-B458-563B93EE1276}.AppStore|iPhoneSimulator.Build.0 = Debug|Any CPU
		{15E3ED37-3CCB-4014-B458-563B93EE1276}.AppStore|x64.ActiveCfg = Debug|Any CPU
		{15E3ED37-3CCB-4014-B458-563B93EE1276}.AppStore|x64.Build.0 = Debug|Any CPU
		{15E3ED37-3CCB-4014-B458-563B93EE1276}.AppStore|x86.ActiveCfg = Debug|Any CPU
		{15E3ED37-3CCB-4014-B458-563B93EE1276}.AppStore|x86.Build.0 = Debug|Any CPU
		{15E3ED37-3CCB-4014-B458-563B93EE1276}.Debug|Any CPU.ActiveCfg = Debug|Any CPU
		{15E3ED37-3CCB-4014-B458-563B93EE1276}.Debug|Any CPU.Build.0 = Debug|Any CPU
		{15E3ED37-3CCB-4014-B458-563B93EE1276}.Debug|ARM.ActiveCfg = Debug|Any CPU
		{15E3ED37-3CCB-4014-B458-563B93EE1276}.Debug|ARM.Build.0 = Debug|Any CPU
		{15E3ED37-3CCB-4014-B458-563B93EE1276}.Debug|iPhone.ActiveCfg = Debug|Any CPU
		{15E3ED37-3CCB-4014-B458-563B93EE1276}.Debug|iPhone.Build.0 = Debug|Any CPU
		{15E3ED37-3CCB-4014-B458-563B93EE1276}.Debug|iPhoneSimulator.ActiveCfg = Debug|Any CPU
		{15E3ED37-3CCB-4014-B458-563B93EE1276}.Debug|iPhoneSimulator.Build.0 = Debug|Any CPU
		{15E3ED37-3CCB-4014-B458-563B93EE1276}.Debug|x64.ActiveCfg = Debug|Any CPU
		{15E3ED37-3CCB-4014-B458-563B93EE1276}.Debug|x64.Build.0 = Debug|Any CPU
		{15E3ED37-3CCB-4014-B458-563B93EE1276}.Debug|x86.ActiveCfg = Debug|Any CPU
		{15E3ED37-3CCB-4014-B458-563B93EE1276}.Debug|x86.Build.0 = Debug|Any CPU
		{15E3ED37-3CCB-4014-B458-563B93EE1276}.Release|Any CPU.ActiveCfg = Release|Any CPU
		{15E3ED37-3CCB-4014-B458-563B93EE1276}.Release|Any CPU.Build.0 = Release|Any CPU
		{15E3ED37-3CCB-4014-B458-563B93EE1276}.Release|ARM.ActiveCfg = Release|Any CPU
		{15E3ED37-3CCB-4014-B458-563B93EE1276}.Release|ARM.Build.0 = Release|Any CPU
		{15E3ED37-3CCB-4014-B458-563B93EE1276}.Release|iPhone.ActiveCfg = Release|Any CPU
		{15E3ED37-3CCB-4014-B458-563B93EE1276}.Release|iPhone.Build.0 = Release|Any CPU
		{15E3ED37-3CCB-4014-B458-563B93EE1276}.Release|iPhoneSimulator.ActiveCfg = Release|Any CPU
		{15E3ED37-3CCB-4014-B458-563B93EE1276}.Release|iPhoneSimulator.Build.0 = Release|Any CPU
		{15E3ED37-3CCB-4014-B458-563B93EE1276}.Release|x64.ActiveCfg = Release|Any CPU
		{15E3ED37-3CCB-4014-B458-563B93EE1276}.Release|x64.Build.0 = Release|Any CPU
		{15E3ED37-3CCB-4014-B458-563B93EE1276}.Release|x86.ActiveCfg = Release|Any CPU
		{15E3ED37-3CCB-4014-B458-563B93EE1276}.Release|x86.Build.0 = Release|Any CPU
		{262DB7AF-AE8A-4A74-93B3-2B7562D8AB96}.Ad-Hoc|Any CPU.ActiveCfg = Debug|Any CPU
		{262DB7AF-AE8A-4A74-93B3-2B7562D8AB96}.Ad-Hoc|Any CPU.Build.0 = Debug|Any CPU
		{262DB7AF-AE8A-4A74-93B3-2B7562D8AB96}.Ad-Hoc|ARM.ActiveCfg = Debug|Any CPU
		{262DB7AF-AE8A-4A74-93B3-2B7562D8AB96}.Ad-Hoc|ARM.Build.0 = Debug|Any CPU
		{262DB7AF-AE8A-4A74-93B3-2B7562D8AB96}.Ad-Hoc|iPhone.ActiveCfg = Debug|Any CPU
		{262DB7AF-AE8A-4A74-93B3-2B7562D8AB96}.Ad-Hoc|iPhone.Build.0 = Debug|Any CPU
		{262DB7AF-AE8A-4A74-93B3-2B7562D8AB96}.Ad-Hoc|iPhoneSimulator.ActiveCfg = Debug|Any CPU
		{262DB7AF-AE8A-4A74-93B3-2B7562D8AB96}.Ad-Hoc|iPhoneSimulator.Build.0 = Debug|Any CPU
		{262DB7AF-AE8A-4A74-93B3-2B7562D8AB96}.Ad-Hoc|x64.ActiveCfg = Debug|Any CPU
		{262DB7AF-AE8A-4A74-93B3-2B7562D8AB96}.Ad-Hoc|x64.Build.0 = Debug|Any CPU
		{262DB7AF-AE8A-4A74-93B3-2B7562D8AB96}.Ad-Hoc|x86.ActiveCfg = Debug|Any CPU
		{262DB7AF-AE8A-4A74-93B3-2B7562D8AB96}.Ad-Hoc|x86.Build.0 = Debug|Any CPU
		{262DB7AF-AE8A-4A74-93B3-2B7562D8AB96}.AppStore|Any CPU.ActiveCfg = Debug|Any CPU
		{262DB7AF-AE8A-4A74-93B3-2B7562D8AB96}.AppStore|Any CPU.Build.0 = Debug|Any CPU
		{262DB7AF-AE8A-4A74-93B3-2B7562D8AB96}.AppStore|ARM.ActiveCfg = Debug|Any CPU
		{262DB7AF-AE8A-4A74-93B3-2B7562D8AB96}.AppStore|ARM.Build.0 = Debug|Any CPU
		{262DB7AF-AE8A-4A74-93B3-2B7562D8AB96}.AppStore|iPhone.ActiveCfg = Debug|Any CPU
		{262DB7AF-AE8A-4A74-93B3-2B7562D8AB96}.AppStore|iPhone.Build.0 = Debug|Any CPU
		{262DB7AF-AE8A-4A74-93B3-2B7562D8AB96}.AppStore|iPhoneSimulator.ActiveCfg = Debug|Any CPU
		{262DB7AF-AE8A-4A74-93B3-2B7562D8AB96}.AppStore|iPhoneSimulator.Build.0 = Debug|Any CPU
		{262DB7AF-AE8A-4A74-93B3-2B7562D8AB96}.AppStore|x64.ActiveCfg = Debug|Any CPU
		{262DB7AF-AE8A-4A74-93B3-2B7562D8AB96}.AppStore|x64.Build.0 = Debug|Any CPU
		{262DB7AF-AE8A-4A74-93B3-2B7562D8AB96}.AppStore|x86.ActiveCfg = Debug|Any CPU
		{262DB7AF-AE8A-4A74-93B3-2B7562D8AB96}.AppStore|x86.Build.0 = Debug|Any CPU
		{262DB7AF-AE8A-4A74-93B3-2B7562D8AB96}.Debug|Any CPU.ActiveCfg = Debug|Any CPU
		{262DB7AF-AE8A-4A74-93B3-2B7562D8AB96}.Debug|Any CPU.Build.0 = Debug|Any CPU
		{262DB7AF-AE8A-4A74-93B3-2B7562D8AB96}.Debug|ARM.ActiveCfg = Debug|Any CPU
		{262DB7AF-AE8A-4A74-93B3-2B7562D8AB96}.Debug|ARM.Build.0 = Debug|Any CPU
		{262DB7AF-AE8A-4A74-93B3-2B7562D8AB96}.Debug|iPhone.ActiveCfg = Debug|Any CPU
		{262DB7AF-AE8A-4A74-93B3-2B7562D8AB96}.Debug|iPhone.Build.0 = Debug|Any CPU
		{262DB7AF-AE8A-4A74-93B3-2B7562D8AB96}.Debug|iPhoneSimulator.ActiveCfg = Debug|Any CPU
		{262DB7AF-AE8A-4A74-93B3-2B7562D8AB96}.Debug|iPhoneSimulator.Build.0 = Debug|Any CPU
		{262DB7AF-AE8A-4A74-93B3-2B7562D8AB96}.Debug|x64.ActiveCfg = Debug|Any CPU
		{262DB7AF-AE8A-4A74-93B3-2B7562D8AB96}.Debug|x64.Build.0 = Debug|Any CPU
		{262DB7AF-AE8A-4A74-93B3-2B7562D8AB96}.Debug|x86.ActiveCfg = Debug|Any CPU
		{262DB7AF-AE8A-4A74-93B3-2B7562D8AB96}.Debug|x86.Build.0 = Debug|Any CPU
		{262DB7AF-AE8A-4A74-93B3-2B7562D8AB96}.Release|Any CPU.ActiveCfg = Release|Any CPU
		{262DB7AF-AE8A-4A74-93B3-2B7562D8AB96}.Release|Any CPU.Build.0 = Release|Any CPU
		{262DB7AF-AE8A-4A74-93B3-2B7562D8AB96}.Release|ARM.ActiveCfg = Release|Any CPU
		{262DB7AF-AE8A-4A74-93B3-2B7562D8AB96}.Release|ARM.Build.0 = Release|Any CPU
		{262DB7AF-AE8A-4A74-93B3-2B7562D8AB96}.Release|iPhone.ActiveCfg = Release|Any CPU
		{262DB7AF-AE8A-4A74-93B3-2B7562D8AB96}.Release|iPhone.Build.0 = Release|Any CPU
		{262DB7AF-AE8A-4A74-93B3-2B7562D8AB96}.Release|iPhoneSimulator.ActiveCfg = Release|Any CPU
		{262DB7AF-AE8A-4A74-93B3-2B7562D8AB96}.Release|iPhoneSimulator.Build.0 = Release|Any CPU
		{262DB7AF-AE8A-4A74-93B3-2B7562D8AB96}.Release|x64.ActiveCfg = Release|Any CPU
		{262DB7AF-AE8A-4A74-93B3-2B7562D8AB96}.Release|x64.Build.0 = Release|Any CPU
		{262DB7AF-AE8A-4A74-93B3-2B7562D8AB96}.Release|x86.ActiveCfg = Release|Any CPU
		{262DB7AF-AE8A-4A74-93B3-2B7562D8AB96}.Release|x86.Build.0 = Release|Any CPU
		{F8FFC139-3513-4490-9FC7-8E40D71E0239}.Ad-Hoc|Any CPU.ActiveCfg = Debug|Any CPU
		{F8FFC139-3513-4490-9FC7-8E40D71E0239}.Ad-Hoc|Any CPU.Build.0 = Debug|Any CPU
		{F8FFC139-3513-4490-9FC7-8E40D71E0239}.Ad-Hoc|ARM.ActiveCfg = Debug|Any CPU
		{F8FFC139-3513-4490-9FC7-8E40D71E0239}.Ad-Hoc|ARM.Build.0 = Debug|Any CPU
		{F8FFC139-3513-4490-9FC7-8E40D71E0239}.Ad-Hoc|iPhone.ActiveCfg = Debug|Any CPU
		{F8FFC139-3513-4490-9FC7-8E40D71E0239}.Ad-Hoc|iPhone.Build.0 = Debug|Any CPU
		{F8FFC139-3513-4490-9FC7-8E40D71E0239}.Ad-Hoc|iPhoneSimulator.ActiveCfg = Debug|Any CPU
		{F8FFC139-3513-4490-9FC7-8E40D71E0239}.Ad-Hoc|iPhoneSimulator.Build.0 = Debug|Any CPU
		{F8FFC139-3513-4490-9FC7-8E40D71E0239}.Ad-Hoc|x64.ActiveCfg = Debug|Any CPU
		{F8FFC139-3513-4490-9FC7-8E40D71E0239}.Ad-Hoc|x64.Build.0 = Debug|Any CPU
		{F8FFC139-3513-4490-9FC7-8E40D71E0239}.Ad-Hoc|x86.ActiveCfg = Debug|Any CPU
		{F8FFC139-3513-4490-9FC7-8E40D71E0239}.Ad-Hoc|x86.Build.0 = Debug|Any CPU
		{F8FFC139-3513-4490-9FC7-8E40D71E0239}.AppStore|Any CPU.ActiveCfg = Debug|Any CPU
		{F8FFC139-3513-4490-9FC7-8E40D71E0239}.AppStore|Any CPU.Build.0 = Debug|Any CPU
		{F8FFC139-3513-4490-9FC7-8E40D71E0239}.AppStore|ARM.ActiveCfg = Debug|Any CPU
		{F8FFC139-3513-4490-9FC7-8E40D71E0239}.AppStore|ARM.Build.0 = Debug|Any CPU
		{F8FFC139-3513-4490-9FC7-8E40D71E0239}.AppStore|iPhone.ActiveCfg = Debug|Any CPU
		{F8FFC139-3513-4490-9FC7-8E40D71E0239}.AppStore|iPhone.Build.0 = Debug|Any CPU
		{F8FFC139-3513-4490-9FC7-8E40D71E0239}.AppStore|iPhoneSimulator.ActiveCfg = Debug|Any CPU
		{F8FFC139-3513-4490-9FC7-8E40D71E0239}.AppStore|iPhoneSimulator.Build.0 = Debug|Any CPU
		{F8FFC139-3513-4490-9FC7-8E40D71E0239}.AppStore|x64.ActiveCfg = Debug|Any CPU
		{F8FFC139-3513-4490-9FC7-8E40D71E0239}.AppStore|x64.Build.0 = Debug|Any CPU
		{F8FFC139-3513-4490-9FC7-8E40D71E0239}.AppStore|x86.ActiveCfg = Debug|Any CPU
		{F8FFC139-3513-4490-9FC7-8E40D71E0239}.AppStore|x86.Build.0 = Debug|Any CPU
		{F8FFC139-3513-4490-9FC7-8E40D71E0239}.Debug|Any CPU.ActiveCfg = Debug|Any CPU
		{F8FFC139-3513-4490-9FC7-8E40D71E0239}.Debug|Any CPU.Build.0 = Debug|Any CPU
		{F8FFC139-3513-4490-9FC7-8E40D71E0239}.Debug|ARM.ActiveCfg = Debug|Any CPU
		{F8FFC139-3513-4490-9FC7-8E40D71E0239}.Debug|ARM.Build.0 = Debug|Any CPU
		{F8FFC139-3513-4490-9FC7-8E40D71E0239}.Debug|iPhone.ActiveCfg = Debug|Any CPU
		{F8FFC139-3513-4490-9FC7-8E40D71E0239}.Debug|iPhone.Build.0 = Debug|Any CPU
		{F8FFC139-3513-4490-9FC7-8E40D71E0239}.Debug|iPhoneSimulator.ActiveCfg = Debug|Any CPU
		{F8FFC139-3513-4490-9FC7-8E40D71E0239}.Debug|iPhoneSimulator.Build.0 = Debug|Any CPU
		{F8FFC139-3513-4490-9FC7-8E40D71E0239}.Debug|x64.ActiveCfg = Debug|Any CPU
		{F8FFC139-3513-4490-9FC7-8E40D71E0239}.Debug|x64.Build.0 = Debug|Any CPU
		{F8FFC139-3513-4490-9FC7-8E40D71E0239}.Debug|x86.ActiveCfg = Debug|Any CPU
		{F8FFC139-3513-4490-9FC7-8E40D71E0239}.Debug|x86.Build.0 = Debug|Any CPU
		{F8FFC139-3513-4490-9FC7-8E40D71E0239}.Release|Any CPU.ActiveCfg = Release|Any CPU
		{F8FFC139-3513-4490-9FC7-8E40D71E0239}.Release|Any CPU.Build.0 = Release|Any CPU
		{F8FFC139-3513-4490-9FC7-8E40D71E0239}.Release|ARM.ActiveCfg = Release|Any CPU
		{F8FFC139-3513-4490-9FC7-8E40D71E0239}.Release|ARM.Build.0 = Release|Any CPU
		{F8FFC139-3513-4490-9FC7-8E40D71E0239}.Release|iPhone.ActiveCfg = Release|Any CPU
		{F8FFC139-3513-4490-9FC7-8E40D71E0239}.Release|iPhone.Build.0 = Release|Any CPU
		{F8FFC139-3513-4490-9FC7-8E40D71E0239}.Release|iPhoneSimulator.ActiveCfg = Release|Any CPU
		{F8FFC139-3513-4490-9FC7-8E40D71E0239}.Release|iPhoneSimulator.Build.0 = Release|Any CPU
		{F8FFC139-3513-4490-9FC7-8E40D71E0239}.Release|x64.ActiveCfg = Release|Any CPU
		{F8FFC139-3513-4490-9FC7-8E40D71E0239}.Release|x64.Build.0 = Release|Any CPU
		{F8FFC139-3513-4490-9FC7-8E40D71E0239}.Release|x86.ActiveCfg = Release|Any CPU
		{F8FFC139-3513-4490-9FC7-8E40D71E0239}.Release|x86.Build.0 = Release|Any CPU
		{7851C07B-14EF-4DE3-B26D-ADAB6EC854DE}.Ad-Hoc|Any CPU.ActiveCfg = Debug|Any CPU
		{7851C07B-14EF-4DE3-B26D-ADAB6EC854DE}.Ad-Hoc|Any CPU.Build.0 = Debug|Any CPU
		{7851C07B-14EF-4DE3-B26D-ADAB6EC854DE}.Ad-Hoc|ARM.ActiveCfg = Debug|Any CPU
		{7851C07B-14EF-4DE3-B26D-ADAB6EC854DE}.Ad-Hoc|ARM.Build.0 = Debug|Any CPU
		{7851C07B-14EF-4DE3-B26D-ADAB6EC854DE}.Ad-Hoc|iPhone.ActiveCfg = Debug|Any CPU
		{7851C07B-14EF-4DE3-B26D-ADAB6EC854DE}.Ad-Hoc|iPhone.Build.0 = Debug|Any CPU
		{7851C07B-14EF-4DE3-B26D-ADAB6EC854DE}.Ad-Hoc|iPhoneSimulator.ActiveCfg = Debug|Any CPU
		{7851C07B-14EF-4DE3-B26D-ADAB6EC854DE}.Ad-Hoc|iPhoneSimulator.Build.0 = Debug|Any CPU
		{7851C07B-14EF-4DE3-B26D-ADAB6EC854DE}.Ad-Hoc|x64.ActiveCfg = Debug|Any CPU
		{7851C07B-14EF-4DE3-B26D-ADAB6EC854DE}.Ad-Hoc|x64.Build.0 = Debug|Any CPU
		{7851C07B-14EF-4DE3-B26D-ADAB6EC854DE}.Ad-Hoc|x86.ActiveCfg = Debug|Any CPU
		{7851C07B-14EF-4DE3-B26D-ADAB6EC854DE}.Ad-Hoc|x86.Build.0 = Debug|Any CPU
		{7851C07B-14EF-4DE3-B26D-ADAB6EC854DE}.AppStore|Any CPU.ActiveCfg = Debug|Any CPU
		{7851C07B-14EF-4DE3-B26D-ADAB6EC854DE}.AppStore|Any CPU.Build.0 = Debug|Any CPU
		{7851C07B-14EF-4DE3-B26D-ADAB6EC854DE}.AppStore|ARM.ActiveCfg = Debug|Any CPU
		{7851C07B-14EF-4DE3-B26D-ADAB6EC854DE}.AppStore|ARM.Build.0 = Debug|Any CPU
		{7851C07B-14EF-4DE3-B26D-ADAB6EC854DE}.AppStore|iPhone.ActiveCfg = Debug|Any CPU
		{7851C07B-14EF-4DE3-B26D-ADAB6EC854DE}.AppStore|iPhone.Build.0 = Debug|Any CPU
		{7851C07B-14EF-4DE3-B26D-ADAB6EC854DE}.AppStore|iPhoneSimulator.ActiveCfg = Debug|Any CPU
		{7851C07B-14EF-4DE3-B26D-ADAB6EC854DE}.AppStore|iPhoneSimulator.Build.0 = Debug|Any CPU
		{7851C07B-14EF-4DE3-B26D-ADAB6EC854DE}.AppStore|x64.ActiveCfg = Debug|Any CPU
		{7851C07B-14EF-4DE3-B26D-ADAB6EC854DE}.AppStore|x64.Build.0 = Debug|Any CPU
		{7851C07B-14EF-4DE3-B26D-ADAB6EC854DE}.AppStore|x86.ActiveCfg = Debug|Any CPU
		{7851C07B-14EF-4DE3-B26D-ADAB6EC854DE}.AppStore|x86.Build.0 = Debug|Any CPU
		{7851C07B-14EF-4DE3-B26D-ADAB6EC854DE}.Debug|Any CPU.ActiveCfg = Debug|Any CPU
		{7851C07B-14EF-4DE3-B26D-ADAB6EC854DE}.Debug|Any CPU.Build.0 = Debug|Any CPU
		{7851C07B-14EF-4DE3-B26D-ADAB6EC854DE}.Debug|ARM.ActiveCfg = Debug|Any CPU
		{7851C07B-14EF-4DE3-B26D-ADAB6EC854DE}.Debug|ARM.Build.0 = Debug|Any CPU
		{7851C07B-14EF-4DE3-B26D-ADAB6EC854DE}.Debug|iPhone.ActiveCfg = Debug|Any CPU
		{7851C07B-14EF-4DE3-B26D-ADAB6EC854DE}.Debug|iPhone.Build.0 = Debug|Any CPU
		{7851C07B-14EF-4DE3-B26D-ADAB6EC854DE}.Debug|iPhoneSimulator.ActiveCfg = Debug|Any CPU
		{7851C07B-14EF-4DE3-B26D-ADAB6EC854DE}.Debug|iPhoneSimulator.Build.0 = Debug|Any CPU
		{7851C07B-14EF-4DE3-B26D-ADAB6EC854DE}.Debug|x64.ActiveCfg = Debug|Any CPU
		{7851C07B-14EF-4DE3-B26D-ADAB6EC854DE}.Debug|x64.Build.0 = Debug|Any CPU
		{7851C07B-14EF-4DE3-B26D-ADAB6EC854DE}.Debug|x86.ActiveCfg = Debug|Any CPU
		{7851C07B-14EF-4DE3-B26D-ADAB6EC854DE}.Debug|x86.Build.0 = Debug|Any CPU
		{7851C07B-14EF-4DE3-B26D-ADAB6EC854DE}.Release|Any CPU.ActiveCfg = Release|Any CPU
		{7851C07B-14EF-4DE3-B26D-ADAB6EC854DE}.Release|Any CPU.Build.0 = Release|Any CPU
		{7851C07B-14EF-4DE3-B26D-ADAB6EC854DE}.Release|ARM.ActiveCfg = Release|Any CPU
		{7851C07B-14EF-4DE3-B26D-ADAB6EC854DE}.Release|ARM.Build.0 = Release|Any CPU
		{7851C07B-14EF-4DE3-B26D-ADAB6EC854DE}.Release|iPhone.ActiveCfg = Release|Any CPU
		{7851C07B-14EF-4DE3-B26D-ADAB6EC854DE}.Release|iPhone.Build.0 = Release|Any CPU
		{7851C07B-14EF-4DE3-B26D-ADAB6EC854DE}.Release|iPhoneSimulator.ActiveCfg = Release|Any CPU
		{7851C07B-14EF-4DE3-B26D-ADAB6EC854DE}.Release|iPhoneSimulator.Build.0 = Release|Any CPU
		{7851C07B-14EF-4DE3-B26D-ADAB6EC854DE}.Release|x64.ActiveCfg = Release|Any CPU
		{7851C07B-14EF-4DE3-B26D-ADAB6EC854DE}.Release|x64.Build.0 = Release|Any CPU
		{7851C07B-14EF-4DE3-B26D-ADAB6EC854DE}.Release|x86.ActiveCfg = Release|Any CPU
		{7851C07B-14EF-4DE3-B26D-ADAB6EC854DE}.Release|x86.Build.0 = Release|Any CPU
	EndGlobalSection
	GlobalSection(SolutionProperties) = preSolution
		HideSolutionNode = FALSE
	EndGlobalSection
	GlobalSection(NestedProjects) = preSolution
		{67143D6E-BE6E-41D6-ABCA-F359D1408802} = {11BCA6FB-D1A1-4E86-845C-A5396EC9F074}
		{7BFC5775-3AAA-4E31-BA24-25E0BA3EA8A8} = {11BCA6FB-D1A1-4E86-845C-A5396EC9F074}
		{048FE5A6-4255-460D-AA1A-BA65B8C37F2F} = {11BCA6FB-D1A1-4E86-845C-A5396EC9F074}
		{AFE0177A-9DCB-42EA-880E-730CEA0CA9B3} = {11BCA6FB-D1A1-4E86-845C-A5396EC9F074}
		{4AD365DC-9E84-4371-A5DC-D45E52E51870} = {81F405C9-23B1-4A80-9634-B0979042102B}
		{026D00E7-6C1D-4812-B974-F75957CA28D4} = {81F405C9-23B1-4A80-9634-B0979042102B}
		{3829717E-5D4D-4D6C-B76A-568106F90D0D} = {81F405C9-23B1-4A80-9634-B0979042102B}
		{15E3ED37-3CCB-4014-B458-563B93EE1276} = {81F405C9-23B1-4A80-9634-B0979042102B}
		{262DB7AF-AE8A-4A74-93B3-2B7562D8AB96} = {81F405C9-23B1-4A80-9634-B0979042102B}
		{F8FFC139-3513-4490-9FC7-8E40D71E0239} = {81F405C9-23B1-4A80-9634-B0979042102B}
		{7851C07B-14EF-4DE3-B26D-ADAB6EC854DE} = {581F0153-2A98-4157-96B6-83C9D605E959}
	EndGlobalSection
	GlobalSection(ExtensibilityGlobals) = postSolution
		SolutionGuid = {C8FF3988-A42E-4919-BBF3-F4C76F140043}
	EndGlobalSection
EndGlobal
